<?xml version="1.0" encoding="utf-8"?>
<Project ToolsVersion="4.0" xmlns="http://schemas.microsoft.com/developer/msbuild/2003">
  <ItemGroup>
    <Filter Include="Miralis">
      <UniqueIdentifier>{16813728-8260-B6C3-8B78-419AF7D61C25}</UniqueIdentifier>
    </Filter>
    <Filter Include="Miralis\Events">
      <UniqueIdentifier>{3A58BA29-2626-AE2F-0FBA-1E56FB268A94}</UniqueIdentifier>
    </Filter>
    <Filter Include="Miralis\ImGui">
      <UniqueIdentifier>{C0EE9D5E-2CAF-1995-F5E9-621261695E71}</UniqueIdentifier>
    </Filter>
    <Filter Include="Miralis\Rendering">
      <UniqueIdentifier>{E31D388E-4F34-3624-98AB-C145040107AC}</UniqueIdentifier>
    </Filter>
    <Filter Include="Miralis\Shaders">
      <UniqueIdentifier>{EF5BBE75-5BE7-2B3A-64F8-AE2ED002883A}</UniqueIdentifier>
    </Filter>
    <Filter Include="Miralis\Shaders\Fragment">
      <UniqueIdentifier>{F2FD0381-DE22-5301-076E-3891F3F1511F}</UniqueIdentifier>
    </Filter>
    <Filter Include="Miralis\Shaders\Vertex">
      <UniqueIdentifier>{9CAF10BE-88A9-3910-7116-D0205DAF9F7C}</UniqueIdentifier>
    </Filter>
    <Filter Include="Platfrom">
      <UniqueIdentifier>{8AD388B4-76A0-E3BF-9FB9-D1678BE5184E}</UniqueIdentifier>
    </Filter>
    <Filter Include="Platfrom\ImGUI">
      <UniqueIdentifier>{F443882C-E011-7C32-C9A5-EC58B5125897}</UniqueIdentifier>
    </Filter>
    <Filter Include="Platfrom\ImGUI\Vulkan">
      <UniqueIdentifier>{F4D60C20-6043-C81A-2937-60789562EA82}</UniqueIdentifier>
    </Filter>
    <Filter Include="Platfrom\ImGUI\Windows">
      <UniqueIdentifier>{2EA2C452-1A9C-EDA4-0309-84B5EFA15311}</UniqueIdentifier>
    </Filter>
    <Filter Include="Platfrom\Vulkan">
      <UniqueIdentifier>{CA4189DC-36CD-F6A0-3FDE-7995ABE852A1}</UniqueIdentifier>
    </Filter>
    <Filter Include="Platfrom\Windows">
      <UniqueIdentifier>{C467CE9E-B060-EDF0-D992-D275C5EACCFC}</UniqueIdentifier>
    </Filter>
  </ItemGroup>
  <ItemGroup>
    <ClInclude Include="src\Miralis.h" />
    <ClInclude Include="src\Miralis\Application.h">
      <Filter>Miralis</Filter>
    </ClInclude>
    <ClInclude Include="src\Miralis\Core.h">
      <Filter>Miralis</Filter>
    </ClInclude>
    <ClInclude Include="src\Miralis\EntryPoint.h">
      <Filter>Miralis</Filter>
    </ClInclude>
    <ClInclude Include="src\Miralis\Events\ApplicationEvent.h">
      <Filter>Miralis\Events</Filter>
    </ClInclude>
    <ClInclude Include="src\Miralis\Events\Event.h">
      <Filter>Miralis\Events</Filter>
    </ClInclude>
    <ClInclude Include="src\Miralis\Events\KeyEvent.h">
      <Filter>Miralis\Events</Filter>
    </ClInclude>
    <ClInclude Include="src\Miralis\Events\MouseEvent.h">
      <Filter>Miralis\Events</Filter>
    </ClInclude>
    <ClInclude Include="src\Miralis\ImGui\ImGuiLayer.h">
      <Filter>Miralis\ImGui</Filter>
    </ClInclude>
    <ClInclude Include="src\Miralis\Layer.h">
      <Filter>Miralis</Filter>
    </ClInclude>
    <ClInclude Include="src\Miralis\LayerStack.h">
      <Filter>Miralis</Filter>
    </ClInclude>
    <ClInclude Include="src\Miralis\Log.h">
      <Filter>Miralis</Filter>
    </ClInclude>
    <ClInclude Include="src\Miralis\Rendering\GrapghicsContext.h">
      <Filter>Miralis\Rendering</Filter>
    </ClInclude>
    <ClInclude Include="src\Miralis\Window.h">
      <Filter>Miralis</Filter>
    </ClInclude>
    <ClInclude Include="src\Platfrom\ImGUI\Vulkan\imgui_impl_vulkan.h">
      <Filter>Platfrom\ImGUI\Vulkan</Filter>
    </ClInclude>
    <ClInclude Include="src\Platfrom\ImGUI\Windows\imgui_impl_glfw.h">
      <Filter>Platfrom\ImGUI\Windows</Filter>
    </ClInclude>
    <ClInclude Include="src\Platfrom\Vulkan\VulkanContext.h">
      <Filter>Platfrom\Vulkan</Filter>
    </ClInclude>
    <ClInclude Include="src\Platfrom\Windows\WindowsWindow.h">
      <Filter>Platfrom\Windows</Filter>
    </ClInclude>
    <ClInclude Include="src\Miralis\Rendering\PipeLine.h" />
    <ClInclude Include="src\Miralis\Rendering\Buffers\Buffer.h" />
    <ClInclude Include="src\Platfrom\Vulkan\VulkanBuffer.h" />
    <ClInclude Include="src\Platfrom\Vulkan\VulkanPipeLine.h" />
    <ClInclude Include="src\Miralis\Rendering\Renderer.h" />
    <ClInclude Include="src\Miralis\Rendering\RendererAPI.h" />
    <ClInclude Include="src\Miralis\Rendering\RenderCommands.h" />
    <ClInclude Include="src\Platfrom\Vulkan\VulkanRenderAPI.h" />
    <ClInclude Include="src\Miralis\Rendering\Buffers\Vertex\VertexBuffer.h" />
    <ClInclude Include="src\Miralis\Rendering\Buffers\Uniform\UnifromBuffer.h" />
  </ItemGroup>
  <ItemGroup>
    <ClCompile Include="src\Miralis\Application.cpp">
      <Filter>Miralis</Filter>
    </ClCompile>
    <ClCompile Include="src\Miralis\ImGui\ImGuiLayer.cpp">
      <Filter>Miralis\ImGui</Filter>
    </ClCompile>
    <ClCompile Include="src\Miralis\Layer.cpp">
      <Filter>Miralis</Filter>
    </ClCompile>
    <ClCompile Include="src\Miralis\LayerStack.cpp">
      <Filter>Miralis</Filter>
    </ClCompile>
    <ClCompile Include="src\Miralis\Log.cpp">
      <Filter>Miralis</Filter>
    </ClCompile>
    <ClCompile Include="src\Platfrom\ImGUI\Vulkan\imgui_impl_vulkan.cpp">
      <Filter>Platfrom\ImGUI\Vulkan</Filter>
    </ClCompile>
    <ClCompile Include="src\Platfrom\ImGUI\Windows\imgui_impl_glfw.cpp">
      <Filter>Platfrom\ImGUI\Windows</Filter>
    </ClCompile>
    <ClCompile Include="src\Platfrom\Vulkan\VulkanContext.cpp">
      <Filter>Platfrom\Vulkan</Filter>
    </ClCompile>
    <ClCompile Include="src\Platfrom\Windows\WindowsWindow.cpp">
      <Filter>Platfrom\Windows</Filter>
    </ClCompile>
    <ClCompile Include="src\Miralis\Rendering\PipeLine.cpp" />
    <ClCompile Include="src\Platfrom\Vulkan\VulkanBuffer.cpp" />
    <ClCompile Include="src\Platfrom\Vulkan\VulkanShader.cpp" />
    <ClCompile Include="src\Miralis\Rendering\RendererAPI.cpp" />
    <ClCompile Include="src\Miralis\Rendering\Renderer.cpp" />
    <ClCompile Include="src\Miralis\Rendering\RenderCommand.cpp" />
    <ClCompile Include="src\Platfrom\Vulkan\VulkanRenderAPI.cpp" />
    <ClCompile Include="src\Miralis\Rendering\Buffers\Vertex\VertexBuffer.cpp" />
    <ClCompile Include="src\Miralis\Rendering\Buffers\Buffer.cpp" />
  </ItemGroup>
  <ItemGroup>
    <None Include="src\Miralis\Shaders\Fragment\triangle.frag">
      <Filter>Miralis\Shaders\Fragment</Filter>
    </None>
    <None Include="src\Miralis\Shaders\Vertex\triangle.vert">
      <Filter>Miralis\Shaders\Vertex</Filter>
    </None>
  </ItemGroup>
</Project>