<?xml version="1.0" encoding="utf-8"?>
<Project ToolsVersion="4.0" xmlns="http://schemas.microsoft.com/developer/msbuild/2003">
  <ItemGroup>
    <Filter Include="Miralis">
      <UniqueIdentifier>{16813728-8260-B6C3-8B78-419AF7D61C25}</UniqueIdentifier>
    </Filter>
  </ItemGroup>
  <ItemGroup>
    <ClInclude Include="src\Miralis.h" />
    <ClInclude Include="src\Miralis\Application.h">
      <Filter>Miralis</Filter>
    </ClInclude>
    <ClInclude Include="src\Miralis\Core.h">
      <Filter>Miralis</Filter>
    </ClInclude>
    <ClInclude Include="src\Miralis\EntryPoint.h">
      <Filter>Miralis</Filter>
    </ClInclude>
  </ItemGroup>
  <ItemGroup>
    <ClCompile Include="src\Miralis\Application.cpp">
      <Filter>Miralis</Filter>
    </ClCompile>
  </ItemGroup>
</Project>